{
  "version": 4,
  "terraform_version": "1.12.2",
  "serial": 11,
  "lineage": "f4f11ad1-c183-e687-6124-ee9d7c715844",
  "outputs": {
    "ips": {
      "value": {
        "pxc1": "192.168.122.31",
        "pxc2": "192.168.122.32",
        "pxc3": "192.168.122.33"
      },
      "type": [
        "object",
        {
          "pxc1": "string",
          "pxc2": "string",
          "pxc3": "string"
        }
      ]
    }
  },
  "resources": [
    {
      "mode": "data",
      "type": "template_file",
      "name": "user_data",
      "provider": "provider[\"registry.terraform.io/hashicorp/template\"]",
      "instances": [
        {
          "schema_version": 0,
          "attributes": {
            "filename": null,
            "id": "dce19da6db8c36da6fa6686fdd789108b4cf63a1429c49dd4ab44490237a2f1a",
            "rendered": "#cloud-config\nusers:\n  - name: ubuntu\n    sudo: ALL=(ALL) NOPASSWD:ALL\n    shell: /bin/bash\n    lock_passwd: false\n    ssh_authorized_keys:\n      - ssh-rsa AAAAB3NzaC1yc2EAAAADAQABAAACAQCxJR69Hu6THP/OH0tIaHEMURwMCMj8oGF8NGNvF1T2la/8NBFMoX74XJztMlS7RTvoTxpfn/qlK91sCKN3ci9TJ8qfgH6e0jj4fA23+hkC1Re3o9wMUHmMpUfHrzlNDsAqBOemNKBRAKQfoR2DLzzKWNfacJ+j6S0Bkd3xsqhfKlNxERSbTmk8oQ8z0MhbQtkwFS/wQwoB9mrQwE6vqNNGK0G6a3oIhlEG5drMwnmeRQaCqdWY0X7/fL4LSZUNQ6FwBYs2r1ixRxCZgw240jQFweoLuH0swlFF9gsJv0CSzRrOUZitmg6quJuzeQpFgSu8QWQxZBXqcD338fSgFuY7zeTWKWuKpVpe90qQifgPTUyj81rlnm6klhSltsyrufry3UWmlKG/Jyi93GnGY2VAI0Ht11KMLtCWuJoCysk3wOontHT+w+Duzre3u2DCG+oLn/rnLgFiPBq6YPjYFyh4mJbxHfQI2jiP4aCNn23XHC+Svb4oRTcgFR9wvrCSDrYZ4MG9Ogu+C4Fy4gLml3gxeFGYwLHoAh6DJcXjwpoVdwndpqZhlou8ZhRecGnRfQfdfz9wL8p1q8u48xzqp4998AnH5wsXqsDtQGtX4icygUHpgdbuJXZDvm+sES5OyAEm953NT2ABxI5f4174SvYCfoJqem0aKHmiKM9Sobcb+w== sk@skhome01\n\nssh_pwauth: false\ndisable_root: true\n",
            "template": "#cloud-config\nusers:\n  - name: ubuntu\n    sudo: ALL=(ALL) NOPASSWD:ALL\n    shell: /bin/bash\n    lock_passwd: false\n    ssh_authorized_keys:\n      - ${ssh_key}\nssh_pwauth: false\ndisable_root: true\n",
            "vars": {
              "ssh_key": "ssh-rsa AAAAB3NzaC1yc2EAAAADAQABAAACAQCxJR69Hu6THP/OH0tIaHEMURwMCMj8oGF8NGNvF1T2la/8NBFMoX74XJztMlS7RTvoTxpfn/qlK91sCKN3ci9TJ8qfgH6e0jj4fA23+hkC1Re3o9wMUHmMpUfHrzlNDsAqBOemNKBRAKQfoR2DLzzKWNfacJ+j6S0Bkd3xsqhfKlNxERSbTmk8oQ8z0MhbQtkwFS/wQwoB9mrQwE6vqNNGK0G6a3oIhlEG5drMwnmeRQaCqdWY0X7/fL4LSZUNQ6FwBYs2r1ixRxCZgw240jQFweoLuH0swlFF9gsJv0CSzRrOUZitmg6quJuzeQpFgSu8QWQxZBXqcD338fSgFuY7zeTWKWuKpVpe90qQifgPTUyj81rlnm6klhSltsyrufry3UWmlKG/Jyi93GnGY2VAI0Ht11KMLtCWuJoCysk3wOontHT+w+Duzre3u2DCG+oLn/rnLgFiPBq6YPjYFyh4mJbxHfQI2jiP4aCNn23XHC+Svb4oRTcgFR9wvrCSDrYZ4MG9Ogu+C4Fy4gLml3gxeFGYwLHoAh6DJcXjwpoVdwndpqZhlou8ZhRecGnRfQfdfz9wL8p1q8u48xzqp4998AnH5wsXqsDtQGtX4icygUHpgdbuJXZDvm+sES5OyAEm953NT2ABxI5f4174SvYCfoJqem0aKHmiKM9Sobcb+w== sk@skhome01\n"
            }
          },
          "sensitive_attributes": [],
          "identity_schema_version": 0
        }
      ]
    },
    {
      "mode": "managed",
      "type": "libvirt_cloudinit_disk",
      "name": "init",
      "provider": "provider[\"registry.terraform.io/dmacvicar/libvirt\"]",
      "instances": [
        {
          "index_key": "pxc1",
          "schema_version": 0,
          "attributes": {
            "id": "/var/lib/libvirt/images/pxc1-cloudinit.iso;562f9009-ee2e-4400-b5d1-b0b16538df6d",
            "meta_data": "",
            "name": "pxc1-cloudinit.iso",
            "network_config": "",
            "pool": "default",
            "user_data": "#cloud-config\nusers:\n  - name: ubuntu\n    sudo: ALL=(ALL) NOPASSWD:ALL\n    shell: /bin/bash\n    lock_passwd: false\n    ssh_authorized_keys:\n      - ssh-rsa AAAAB3NzaC1yc2EAAAADAQABAAACAQCxJR69Hu6THP/OH0tIaHEMURwMCMj8oGF8NGNvF1T2la/8NBFMoX74XJztMlS7RTvoTxpfn/qlK91sCKN3ci9TJ8qfgH6e0jj4fA23+hkC1Re3o9wMUHmMpUfHrzlNDsAqBOemNKBRAKQfoR2DLzzKWNfacJ+j6S0Bkd3xsqhfKlNxERSbTmk8oQ8z0MhbQtkwFS/wQwoB9mrQwE6vqNNGK0G6a3oIhlEG5drMwnmeRQaCqdWY0X7/fL4LSZUNQ6FwBYs2r1ixRxCZgw240jQFweoLuH0swlFF9gsJv0CSzRrOUZitmg6quJuzeQpFgSu8QWQxZBXqcD338fSgFuY7zeTWKWuKpVpe90qQifgPTUyj81rlnm6klhSltsyrufry3UWmlKG/Jyi93GnGY2VAI0Ht11KMLtCWuJoCysk3wOontHT+w+Duzre3u2DCG+oLn/rnLgFiPBq6YPjYFyh4mJbxHfQI2jiP4aCNn23XHC+Svb4oRTcgFR9wvrCSDrYZ4MG9Ogu+C4Fy4gLml3gxeFGYwLHoAh6DJcXjwpoVdwndpqZhlou8ZhRecGnRfQfdfz9wL8p1q8u48xzqp4998AnH5wsXqsDtQGtX4icygUHpgdbuJXZDvm+sES5OyAEm953NT2ABxI5f4174SvYCfoJqem0aKHmiKM9Sobcb+w== sk@skhome01\n\nssh_pwauth: false\ndisable_root: true\n"
          },
          "sensitive_attributes": [],
          "identity_schema_version": 0,
          "private": "bnVsbA==",
          "dependencies": [
            "data.template_file.user_data"
          ]
        },
        {
          "index_key": "pxc2",
          "schema_version": 0,
          "attributes": {
            "id": "/var/lib/libvirt/images/pxc2-cloudinit.iso;675203b0-7f6a-47d4-8e66-68c8ac4f8776",
            "meta_data": "",
            "name": "pxc2-cloudinit.iso",
            "network_config": "",
            "pool": "default",
            "user_data": "#cloud-config\nusers:\n  - name: ubuntu\n    sudo: ALL=(ALL) NOPASSWD:ALL\n    shell: /bin/bash\n    lock_passwd: false\n    ssh_authorized_keys:\n      - ssh-rsa AAAAB3NzaC1yc2EAAAADAQABAAACAQCxJR69Hu6THP/OH0tIaHEMURwMCMj8oGF8NGNvF1T2la/8NBFMoX74XJztMlS7RTvoTxpfn/qlK91sCKN3ci9TJ8qfgH6e0jj4fA23+hkC1Re3o9wMUHmMpUfHrzlNDsAqBOemNKBRAKQfoR2DLzzKWNfacJ+j6S0Bkd3xsqhfKlNxERSbTmk8oQ8z0MhbQtkwFS/wQwoB9mrQwE6vqNNGK0G6a3oIhlEG5drMwnmeRQaCqdWY0X7/fL4LSZUNQ6FwBYs2r1ixRxCZgw240jQFweoLuH0swlFF9gsJv0CSzRrOUZitmg6quJuzeQpFgSu8QWQxZBXqcD338fSgFuY7zeTWKWuKpVpe90qQifgPTUyj81rlnm6klhSltsyrufry3UWmlKG/Jyi93GnGY2VAI0Ht11KMLtCWuJoCysk3wOontHT+w+Duzre3u2DCG+oLn/rnLgFiPBq6YPjYFyh4mJbxHfQI2jiP4aCNn23XHC+Svb4oRTcgFR9wvrCSDrYZ4MG9Ogu+C4Fy4gLml3gxeFGYwLHoAh6DJcXjwpoVdwndpqZhlou8ZhRecGnRfQfdfz9wL8p1q8u48xzqp4998AnH5wsXqsDtQGtX4icygUHpgdbuJXZDvm+sES5OyAEm953NT2ABxI5f4174SvYCfoJqem0aKHmiKM9Sobcb+w== sk@skhome01\n\nssh_pwauth: false\ndisable_root: true\n"
          },
          "sensitive_attributes": [],
          "identity_schema_version": 0,
          "private": "bnVsbA==",
          "dependencies": [
            "data.template_file.user_data"
          ]
        },
        {
          "index_key": "pxc3",
          "schema_version": 0,
          "attributes": {
            "id": "/var/lib/libvirt/images/pxc3-cloudinit.iso;0d11da12-e62e-4257-a183-cc2156c90699",
            "meta_data": "",
            "name": "pxc3-cloudinit.iso",
            "network_config": "",
            "pool": "default",
            "user_data": "#cloud-config\nusers:\n  - name: ubuntu\n    sudo: ALL=(ALL) NOPASSWD:ALL\n    shell: /bin/bash\n    lock_passwd: false\n    ssh_authorized_keys:\n      - ssh-rsa AAAAB3NzaC1yc2EAAAADAQABAAACAQCxJR69Hu6THP/OH0tIaHEMURwMCMj8oGF8NGNvF1T2la/8NBFMoX74XJztMlS7RTvoTxpfn/qlK91sCKN3ci9TJ8qfgH6e0jj4fA23+hkC1Re3o9wMUHmMpUfHrzlNDsAqBOemNKBRAKQfoR2DLzzKWNfacJ+j6S0Bkd3xsqhfKlNxERSbTmk8oQ8z0MhbQtkwFS/wQwoB9mrQwE6vqNNGK0G6a3oIhlEG5drMwnmeRQaCqdWY0X7/fL4LSZUNQ6FwBYs2r1ixRxCZgw240jQFweoLuH0swlFF9gsJv0CSzRrOUZitmg6quJuzeQpFgSu8QWQxZBXqcD338fSgFuY7zeTWKWuKpVpe90qQifgPTUyj81rlnm6klhSltsyrufry3UWmlKG/Jyi93GnGY2VAI0Ht11KMLtCWuJoCysk3wOontHT+w+Duzre3u2DCG+oLn/rnLgFiPBq6YPjYFyh4mJbxHfQI2jiP4aCNn23XHC+Svb4oRTcgFR9wvrCSDrYZ4MG9Ogu+C4Fy4gLml3gxeFGYwLHoAh6DJcXjwpoVdwndpqZhlou8ZhRecGnRfQfdfz9wL8p1q8u48xzqp4998AnH5wsXqsDtQGtX4icygUHpgdbuJXZDvm+sES5OyAEm953NT2ABxI5f4174SvYCfoJqem0aKHmiKM9Sobcb+w== sk@skhome01\n\nssh_pwauth: false\ndisable_root: true\n"
          },
          "sensitive_attributes": [],
          "identity_schema_version": 0,
          "private": "bnVsbA==",
          "dependencies": [
            "data.template_file.user_data"
          ]
        }
      ]
    },
    {
      "mode": "managed",
      "type": "libvirt_domain",
      "name": "vm",
      "provider": "provider[\"registry.terraform.io/dmacvicar/libvirt\"]",
      "instances": [
        {
          "index_key": "pxc1",
          "schema_version": 0,
          "attributes": {
            "arch": "x86_64",
            "autostart": false,
            "boot_device": [],
            "cloudinit": "/var/lib/libvirt/images/pxc1-cloudinit.iso;562f9009-ee2e-4400-b5d1-b0b16538df6d",
            "cmdline": null,
            "console": [
              {
                "source_host": "127.0.0.1",
                "source_path": "",
                "source_service": "0",
                "target_port": "0",
                "target_type": "serial",
                "type": "pty"
              }
            ],
            "coreos_ignition": null,
            "cpu": [
              {
                "mode": "custom"
              }
            ],
            "description": "",
            "disk": [
              {
                "block_device": "",
                "file": "",
                "scsi": false,
                "url": "",
                "volume_id": "/var/lib/libvirt/images/pxc1-disk.qcow2",
                "wwn": ""
              }
            ],
            "emulator": "/usr/bin/qemu-system-x86_64",
            "filesystem": [],
            "firmware": null,
            "fw_cfg_name": "opt/com.coreos/config",
            "graphics": [],
            "id": "9e52a39e-7fae-4148-8258-524679219817",
            "initrd": "",
            "kernel": "",
            "machine": "ubuntu",
            "memory": 2048,
            "metadata": null,
            "name": "pxc-node1",
            "network_interface": [
              {
                "addresses": [],
                "bridge": "",
                "hostname": "",
                "mac": "52:54:00:06:8C:51",
                "macvtap": "",
                "network_id": "6c6139f9-8031-40cd-8864-8b1df3b73a5b",
                "network_name": "default",
                "passthrough": "",
                "vepa": "",
                "wait_for_lease": false
              }
            ],
            "nvram": [],
            "qemu_agent": false,
            "running": true,
            "timeouts": null,
            "tpm": [],
            "vcpu": 2,
            "video": [],
            "xml": []
          },
          "sensitive_attributes": [],
          "identity_schema_version": 0,
          "private": "eyJlMmJmYjczMC1lY2FhLTExZTYtOGY4OC0zNDM2M2JjN2M0YzAiOnsiY3JlYXRlIjozMDAwMDAwMDAwMDB9fQ==",
          "dependencies": [
            "data.template_file.user_data",
            "libvirt_cloudinit_disk.init",
            "libvirt_volume.disk",
            "libvirt_volume.ubuntu_image"
          ]
        },
        {
          "index_key": "pxc2",
          "schema_version": 0,
          "attributes": {
            "arch": "x86_64",
            "autostart": false,
            "boot_device": [],
            "cloudinit": "/var/lib/libvirt/images/pxc2-cloudinit.iso;675203b0-7f6a-47d4-8e66-68c8ac4f8776",
            "cmdline": null,
            "console": [
              {
                "source_host": "127.0.0.1",
                "source_path": "",
                "source_service": "0",
                "target_port": "0",
                "target_type": "serial",
                "type": "pty"
              }
            ],
            "coreos_ignition": null,
            "cpu": [
              {
                "mode": "custom"
              }
            ],
            "description": "",
            "disk": [
              {
                "block_device": "",
                "file": "",
                "scsi": false,
                "url": "",
                "volume_id": "/var/lib/libvirt/images/pxc2-disk.qcow2",
                "wwn": ""
              }
            ],
            "emulator": "/usr/bin/qemu-system-x86_64",
            "filesystem": [],
            "firmware": null,
            "fw_cfg_name": "opt/com.coreos/config",
            "graphics": [],
            "id": "c5c1a322-ca60-4fee-b1f3-3cd19a2f60da",
            "initrd": "",
            "kernel": "",
            "machine": "ubuntu",
            "memory": 2048,
            "metadata": null,
            "name": "pxc-node2",
            "network_interface": [
              {
                "addresses": [],
                "bridge": "",
                "hostname": "",
                "mac": "52:54:00:1A:B4:9E",
                "macvtap": "",
                "network_id": "6c6139f9-8031-40cd-8864-8b1df3b73a5b",
                "network_name": "default",
                "passthrough": "",
                "vepa": "",
                "wait_for_lease": false
              }
            ],
            "nvram": [],
            "qemu_agent": false,
            "running": true,
            "timeouts": null,
            "tpm": [],
            "vcpu": 2,
            "video": [],
            "xml": []
          },
          "sensitive_attributes": [],
          "identity_schema_version": 0,
          "private": "eyJlMmJmYjczMC1lY2FhLTExZTYtOGY4OC0zNDM2M2JjN2M0YzAiOnsiY3JlYXRlIjozMDAwMDAwMDAwMDB9fQ==",
          "dependencies": [
            "data.template_file.user_data",
            "libvirt_cloudinit_disk.init",
            "libvirt_volume.disk",
            "libvirt_volume.ubuntu_image"
          ]
        },
        {
          "index_key": "pxc3",
          "schema_version": 0,
          "attributes": {
            "arch": "x86_64",
            "autostart": false,
            "boot_device": [],
            "cloudinit": "/var/lib/libvirt/images/pxc3-cloudinit.iso;0d11da12-e62e-4257-a183-cc2156c90699",
            "cmdline": null,
            "console": [
              {
                "source_host": "127.0.0.1",
                "source_path": "",
                "source_service": "0",
                "target_port": "0",
                "target_type": "serial",
                "type": "pty"
              }
            ],
            "coreos_ignition": null,
            "cpu": [
              {
                "mode": "custom"
              }
            ],
            "description": "",
            "disk": [
              {
                "block_device": "",
                "file": "",
                "scsi": false,
                "url": "",
                "volume_id": "/var/lib/libvirt/images/pxc3-disk.qcow2",
                "wwn": ""
              }
            ],
            "emulator": "/usr/bin/qemu-system-x86_64",
            "filesystem": [],
            "firmware": null,
            "fw_cfg_name": "opt/com.coreos/config",
            "graphics": [],
            "id": "6f44defc-ba0a-49ad-bce5-e4a156013392",
            "initrd": "",
            "kernel": "",
            "machine": "ubuntu",
            "memory": 2048,
            "metadata": null,
            "name": "pxc-node3",
            "network_interface": [
              {
                "addresses": [],
                "bridge": "",
                "hostname": "",
                "mac": "52:54:00:16:75:24",
                "macvtap": "",
                "network_id": "6c6139f9-8031-40cd-8864-8b1df3b73a5b",
                "network_name": "default",
                "passthrough": "",
                "vepa": "",
                "wait_for_lease": false
              }
            ],
            "nvram": [],
            "qemu_agent": false,
            "running": true,
            "timeouts": null,
            "tpm": [],
            "vcpu": 2,
            "video": [],
            "xml": []
          },
          "sensitive_attributes": [],
          "identity_schema_version": 0,
          "private": "eyJlMmJmYjczMC1lY2FhLTExZTYtOGY4OC0zNDM2M2JjN2M0YzAiOnsiY3JlYXRlIjozMDAwMDAwMDAwMDB9fQ==",
          "dependencies": [
            "data.template_file.user_data",
            "libvirt_cloudinit_disk.init",
            "libvirt_volume.disk",
            "libvirt_volume.ubuntu_image"
          ]
        }
      ]
    },
    {
      "mode": "managed",
      "type": "libvirt_volume",
      "name": "disk",
      "provider": "provider[\"registry.terraform.io/dmacvicar/libvirt\"]",
      "instances": [
        {
          "index_key": "pxc1",
          "schema_version": 0,
          "attributes": {
            "base_volume_id": "/var/lib/libvirt/images/ubuntu-22.04-server-cloudimg-amd64.img",
            "base_volume_name": null,
            "base_volume_pool": null,
            "format": "qcow2",
            "id": "/var/lib/libvirt/images/pxc1-disk.qcow2",
            "name": "pxc1-disk.qcow2",
            "pool": "default",
            "size": 21474836480,
            "source": null,
            "xml": []
          },
          "sensitive_attributes": [],
          "identity_schema_version": 0,
          "private": "bnVsbA==",
          "dependencies": [
            "libvirt_volume.ubuntu_image"
          ]
        },
        {
          "index_key": "pxc2",
          "schema_version": 0,
          "attributes": {
            "base_volume_id": "/var/lib/libvirt/images/ubuntu-22.04-server-cloudimg-amd64.img",
            "base_volume_name": null,
            "base_volume_pool": null,
            "format": "qcow2",
            "id": "/var/lib/libvirt/images/pxc2-disk.qcow2",
            "name": "pxc2-disk.qcow2",
            "pool": "default",
            "size": 21474836480,
            "source": null,
            "xml": []
          },
          "sensitive_attributes": [],
          "identity_schema_version": 0,
          "private": "bnVsbA==",
          "dependencies": [
            "libvirt_volume.ubuntu_image"
          ]
        },
        {
          "index_key": "pxc3",
          "schema_version": 0,
          "attributes": {
            "base_volume_id": "/var/lib/libvirt/images/ubuntu-22.04-server-cloudimg-amd64.img",
            "base_volume_name": null,
            "base_volume_pool": null,
            "format": "qcow2",
            "id": "/var/lib/libvirt/images/pxc3-disk.qcow2",
            "name": "pxc3-disk.qcow2",
            "pool": "default",
            "size": 21474836480,
            "source": null,
            "xml": []
          },
          "sensitive_attributes": [],
          "identity_schema_version": 0,
          "private": "bnVsbA==",
          "dependencies": [
            "libvirt_volume.ubuntu_image"
          ]
        }
      ]
    },
    {
      "mode": "managed",
      "type": "libvirt_volume",
      "name": "ubuntu_image",
      "provider": "provider[\"registry.terraform.io/dmacvicar/libvirt\"]",
      "instances": [
        {
          "schema_version": 0,
          "attributes": {
            "base_volume_id": null,
            "base_volume_name": null,
            "base_volume_pool": null,
            "format": "qcow2",
            "id": "/var/lib/libvirt/images/ubuntu-22.04-server-cloudimg-amd64.img",
            "name": "ubuntu-22.04-server-cloudimg-amd64.img",
            "pool": "default",
            "size": 2361393152,
            "source": "https://cloud-images.ubuntu.com/releases/22.04/release/ubuntu-22.04-server-cloudimg-amd64.img",
            "xml": []
          },
          "sensitive_attributes": [],
          "identity_schema_version": 0,
          "private": "bnVsbA=="
        }
      ]
    }
  ],
  "check_results": null
}
